
Microsoft Visual Studio Solution File, Format Version 12.00
# Visual Studio Version 17
VisualStudioVersion = 17.10.34707.107
MinimumVisualStudioVersion = 10.0.40219.1
Project("{FAE04EC0-301F-11D3-BF4B-00C04F79EFBC}") = "V-AKITAS App", "V-AKITAS App\V-AKITAS App.csproj", "{A0B838BB-C1DD-41BB-BC72-E8941CC82A46}"
EndProject
Global
	GlobalSection(SolutionConfigurationPlatforms) = preSolution
		Debug|Any CPU = Debug|Any CPU
		Release|Any CPU = Release|Any CPU
	EndGlobalSection
	GlobalSection(ProjectConfigurationPlatforms) = postSolution
		{A0B838BB-C1DD-41BB-BC72-E8941CC82A46}.Debug|Any CPU.ActiveCfg = Debug|Any CPU
		{A0B838BB-C1DD-41BB-BC72-E8941CC82A46}.Debug|Any CPU.Build.0 = Debug|Any CPU
		{A0B838BB-C1DD-41BB-BC72-E8941CC82A46}.Release|Any CPU.ActiveCfg = Release|Any CPU
		{A0B838BB-C1DD-41BB-BC72-E8941CC82A46}.Release|Any CPU.Build.0 = Release|Any CPU
	EndGlobalSection
	GlobalSection(SolutionProperties) = preSolution
		HideSolutionNode = FALSE
	EndGlobalSection
	GlobalSection(ExtensibilityGlobals) = postSolution
		SolutionGuid = {B9DE9EE8-3CB6-41D1-852F-5F2A04063673}
	EndGlobalSection
EndGlobal
